// !$*UTF8*$!
{
	archiveVersion = 1;
	classes = {
	};
	objectVersion = 46;
	objects = {

/* Begin PBXBuildFile section */
		3A02E9731CB374C3005DA149 /* UIImageView+DownloadImage.swift in Sources */ = {isa = PBXBuildFile; fileRef = 3A02E9721CB374C3005DA149 /* UIImageView+DownloadImage.swift */; };
		3A02E9751CB41755005DA149 /* DetailViewController.swift in Sources */ = {isa = PBXBuildFile; fileRef = 3A02E9741CB41755005DA149 /* DetailViewController.swift */; };
		3A02E9771CB43B34005DA149 /* DimmingPresentationController.swift in Sources */ = {isa = PBXBuildFile; fileRef = 3A02E9761CB43B34005DA149 /* DimmingPresentationController.swift */; };
		3A04F69F1CC0A36E00ED2E07 /* FadeOutAnimationController.swift in Sources */ = {isa = PBXBuildFile; fileRef = 3A04F69E1CC0A36E00ED2E07 /* FadeOutAnimationController.swift */; };
		3A04F6A11CC31B9400ED2E07 /* Search.swift in Sources */ = {isa = PBXBuildFile; fileRef = 3A04F6A01CC31B9400ED2E07 /* Search.swift */; };
		3A40A3561CAF4F8A0024A2CD /* LoadingCell.xib in Resources */ = {isa = PBXBuildFile; fileRef = 3A40A3551CAF4F8A0024A2CD /* LoadingCell.xib */; };
		3A65D03A1CBCC9380045D9EF /* GradientView.swift in Sources */ = {isa = PBXBuildFile; fileRef = 3A65D0391CBCC9380045D9EF /* GradientView.swift */; };
		3A65D03C1CBD73110045D9EF /* BounceAnimationController.swift in Sources */ = {isa = PBXBuildFile; fileRef = 3A65D03B1CBD73110045D9EF /* BounceAnimationController.swift */; };
		3A65D03E1CBDD6E40045D9EF /* SlideOutAnimationController.swift in Sources */ = {isa = PBXBuildFile; fileRef = 3A65D03D1CBDD6E40045D9EF /* SlideOutAnimationController.swift */; };
		3A65D0401CBDE6430045D9EF /* LandscapeViewController.swift in Sources */ = {isa = PBXBuildFile; fileRef = 3A65D03F1CBDE6430045D9EF /* LandscapeViewController.swift */; };
		3A8291781CAB478B00A7E492 /* SearchResultCell.xib in Resources */ = {isa = PBXBuildFile; fileRef = 3A8291771CAB478B00A7E492 /* SearchResultCell.xib */; };
		3A82917A1CABA7BB00A7E492 /* SearchResultCell.swift in Sources */ = {isa = PBXBuildFile; fileRef = 3A8291791CABA7BB00A7E492 /* SearchResultCell.swift */; };
		3A82917C1CABB41000A7E492 /* NothingFoundCell.xib in Resources */ = {isa = PBXBuildFile; fileRef = 3A82917B1CABB41000A7E492 /* NothingFoundCell.xib */; };
		3AD1416F1CAA25A1000C34F4 /* AppDelegate.swift in Sources */ = {isa = PBXBuildFile; fileRef = 3AD1416E1CAA25A1000C34F4 /* AppDelegate.swift */; };
		3AD141711CAA25A1000C34F4 /* SearchViewController.swift in Sources */ = {isa = PBXBuildFile; fileRef = 3AD141701CAA25A1000C34F4 /* SearchViewController.swift */; };
		3AD141741CAA25A1000C34F4 /* Main.storyboard in Resources */ = {isa = PBXBuildFile; fileRef = 3AD141721CAA25A1000C34F4 /* Main.storyboard */; };
		3AD141761CAA25A1000C34F4 /* Assets.xcassets in Resources */ = {isa = PBXBuildFile; fileRef = 3AD141751CAA25A1000C34F4 /* Assets.xcassets */; };
		3AD141811CAB1963000C34F4 /* SearchResult.swift in Sources */ = {isa = PBXBuildFile; fileRef = 3AD141801CAB1963000C34F4 /* SearchResult.swift */; };
/* End PBXBuildFile section */

/* Begin PBXFileReference section */
		3A02E9721CB374C3005DA149 /* UIImageView+DownloadImage.swift */ = {isa = PBXFileReference; fileEncoding = 4; lastKnownFileType = sourcecode.swift; path = "UIImageView+DownloadImage.swift"; sourceTree = "<group>"; };
		3A02E9741CB41755005DA149 /* DetailViewController.swift */ = {isa = PBXFileReference; fileEncoding = 4; lastKnownFileType = sourcecode.swift; path = DetailViewController.swift; sourceTree = "<group>"; };
		3A02E9761CB43B34005DA149 /* DimmingPresentationController.swift */ = {isa = PBXFileReference; fileEncoding = 4; lastKnownFileType = sourcecode.swift; path = DimmingPresentationController.swift; sourceTree = "<group>"; };
		3A04F69E1CC0A36E00ED2E07 /* FadeOutAnimationController.swift */ = {isa = PBXFileReference; fileEncoding = 4; lastKnownFileType = sourcecode.swift; path = FadeOutAnimationController.swift; sourceTree = "<group>"; };
		3A04F6A01CC31B9400ED2E07 /* Search.swift */ = {isa = PBXFileReference; fileEncoding = 4; lastKnownFileType = sourcecode.swift; path = Search.swift; sourceTree = "<group>"; };
		3A40A3551CAF4F8A0024A2CD /* LoadingCell.xib */ = {isa = PBXFileReference; fileEncoding = 4; lastKnownFileType = file.xib; path = LoadingCell.xib; sourceTree = "<group>"; };
		3A65D0391CBCC9380045D9EF /* GradientView.swift */ = {isa = PBXFileReference; fileEncoding = 4; lastKnownFileType = sourcecode.swift; path = GradientView.swift; sourceTree = "<group>"; };
		3A65D03B1CBD73110045D9EF /* BounceAnimationController.swift */ = {isa = PBXFileReference; fileEncoding = 4; lastKnownFileType = sourcecode.swift; path = BounceAnimationController.swift; sourceTree = "<group>"; };
		3A65D03D1CBDD6E40045D9EF /* SlideOutAnimationController.swift */ = {isa = PBXFileReference; fileEncoding = 4; lastKnownFileType = sourcecode.swift; path = SlideOutAnimationController.swift; sourceTree = "<group>"; };
		3A65D03F1CBDE6430045D9EF /* LandscapeViewController.swift */ = {isa = PBXFileReference; fileEncoding = 4; lastKnownFileType = sourcecode.swift; path = LandscapeViewController.swift; sourceTree = "<group>"; };
		3A8291771CAB478B00A7E492 /* SearchResultCell.xib */ = {isa = PBXFileReference; fileEncoding = 4; lastKnownFileType = file.xib; path = SearchResultCell.xib; sourceTree = "<group>"; };
		3A8291791CABA7BB00A7E492 /* SearchResultCell.swift */ = {isa = PBXFileReference; fileEncoding = 4; lastKnownFileType = sourcecode.swift; path = SearchResultCell.swift; sourceTree = "<group>"; };
		3A82917B1CABB41000A7E492 /* NothingFoundCell.xib */ = {isa = PBXFileReference; fileEncoding = 4; lastKnownFileType = file.xib; path = NothingFoundCell.xib; sourceTree = "<group>"; };
		3AD1416B1CAA25A1000C34F4 /* StoreSearch.app */ = {isa = PBXFileReference; explicitFileType = wrapper.application; includeInIndex = 0; path = StoreSearch.app; sourceTree = BUILT_PRODUCTS_DIR; };
		3AD1416E1CAA25A1000C34F4 /* AppDelegate.swift */ = {isa = PBXFileReference; lastKnownFileType = sourcecode.swift; path = AppDelegate.swift; sourceTree = "<group>"; };
		3AD141701CAA25A1000C34F4 /* SearchViewController.swift */ = {isa = PBXFileReference; lastKnownFileType = sourcecode.swift; path = SearchViewController.swift; sourceTree = "<group>"; };
		3AD141731CAA25A1000C34F4 /* Base */ = {isa = PBXFileReference; lastKnownFileType = file.storyboard; name = Base; path = Base.lproj/Main.storyboard; sourceTree = "<group>"; };
		3AD141751CAA25A1000C34F4 /* Assets.xcassets */ = {isa = PBXFileReference; lastKnownFileType = folder.assetcatalog; path = Assets.xcassets; sourceTree = "<group>"; };
		3AD1417A1CAA25A1000C34F4 /* Info.plist */ = {isa = PBXFileReference; lastKnownFileType = text.plist.xml; path = Info.plist; sourceTree = "<group>"; };
		3AD141801CAB1963000C34F4 /* SearchResult.swift */ = {isa = PBXFileReference; fileEncoding = 4; lastKnownFileType = sourcecode.swift; path = SearchResult.swift; sourceTree = "<group>"; };
/* End PBXFileReference section */

/* Begin PBXFrameworksBuildPhase section */
		3AD141681CAA25A1000C34F4 /* Frameworks */ = {
			isa = PBXFrameworksBuildPhase;
			buildActionMask = 2147483647;
			files = (
			);
			runOnlyForDeploymentPostprocessing = 0;
		};
/* End PBXFrameworksBuildPhase section */

/* Begin PBXGroup section */
		3AD141621CAA25A1000C34F4 = {
			isa = PBXGroup;
			children = (
				3AD1416D1CAA25A1000C34F4 /* StoreSearch */,
				3AD1416C1CAA25A1000C34F4 /* Products */,
			);
			sourceTree = "<group>";
		};
		3AD1416C1CAA25A1000C34F4 /* Products */ = {
			isa = PBXGroup;
			children = (
				3AD1416B1CAA25A1000C34F4 /* StoreSearch.app */,
			);
			name = Products;
			sourceTree = "<group>";
		};
		3AD1416D1CAA25A1000C34F4 /* StoreSearch */ = {
			isa = PBXGroup;
			children = (
				3AD1416E1CAA25A1000C34F4 /* AppDelegate.swift */,
				3A04F6A01CC31B9400ED2E07 /* Search.swift */,
				3AD141701CAA25A1000C34F4 /* SearchViewController.swift */,
				3A8291791CABA7BB00A7E492 /* SearchResultCell.swift */,
				3A02E9721CB374C3005DA149 /* UIImageView+DownloadImage.swift */,
				3AD141801CAB1963000C34F4 /* SearchResult.swift */,
				3A02E9741CB41755005DA149 /* DetailViewController.swift */,
				3A65D0391CBCC9380045D9EF /* GradientView.swift */,
				3A65D03B1CBD73110045D9EF /* BounceAnimationController.swift */,
				3A65D03D1CBDD6E40045D9EF /* SlideOutAnimationController.swift */,
				3A04F69E1CC0A36E00ED2E07 /* FadeOutAnimationController.swift */,
				3A02E9761CB43B34005DA149 /* DimmingPresentationController.swift */,
				3A65D03F1CBDE6430045D9EF /* LandscapeViewController.swift */,
				3AD141721CAA25A1000C34F4 /* Main.storyboard */,
				3AD141751CAA25A1000C34F4 /* Assets.xcassets */,
				3A8291771CAB478B00A7E492 /* SearchResultCell.xib */,
				3A82917B1CABB41000A7E492 /* NothingFoundCell.xib */,
				3A40A3551CAF4F8A0024A2CD /* LoadingCell.xib */,
				3AD1417A1CAA25A1000C34F4 /* Info.plist */,
			);
			path = StoreSearch;
			sourceTree = "<group>";
		};
/* End PBXGroup section */

/* Begin PBXNativeTarget section */
		3AD1416A1CAA25A1000C34F4 /* StoreSearch */ = {
			isa = PBXNativeTarget;
			buildConfigurationList = 3AD1417D1CAA25A1000C34F4 /* Build configuration list for PBXNativeTarget "StoreSearch" */;
			buildPhases = (
				3AD141671CAA25A1000C34F4 /* Sources */,
				3AD141681CAA25A1000C34F4 /* Frameworks */,
				3AD141691CAA25A1000C34F4 /* Resources */,
			);
			buildRules = (
			);
			dependencies = (
			);
			name = StoreSearch;
			productName = StoreSearch;
			productReference = 3AD1416B1CAA25A1000C34F4 /* StoreSearch.app */;
			productType = "com.apple.product-type.application";
		};
/* End PBXNativeTarget section */

/* Begin PBXProject section */
		3AD141631CAA25A1000C34F4 /* Project object */ = {
			isa = PBXProject;
			attributes = {
				LastSwiftUpdateCheck = 0730;
				LastUpgradeCheck = 0730;
				ORGANIZATIONNAME = Urisito;
				TargetAttributes = {
					3AD1416A1CAA25A1000C34F4 = {
						CreatedOnToolsVersion = 7.3;
						DevelopmentTeam = ZL769N7RBS;
					};
				};
			};
			buildConfigurationList = 3AD141661CAA25A1000C34F4 /* Build configuration list for PBXProject "StoreSearch" */;
			compatibilityVersion = "Xcode 3.2";
			developmentRegion = English;
			hasScannedForEncodings = 0;
			knownRegions = (
				en,
				Base,
			);
			mainGroup = 3AD141621CAA25A1000C34F4;
			productRefGroup = 3AD1416C1CAA25A1000C34F4 /* Products */;
			projectDirPath = "";
			projectRoot = "";
			targets = (
				3AD1416A1CAA25A1000C34F4 /* StoreSearch */,
			);
		};
/* End PBXProject section */

/* Begin PBXResourcesBuildPhase section */
		3AD141691CAA25A1000C34F4 /* Resources */ = {
			isa = PBXResourcesBuildPhase;
			buildActionMask = 2147483647;
			files = (
				3AD141761CAA25A1000C34F4 /* Assets.xcassets in Resources */,
				3A40A3561CAF4F8A0024A2CD /* LoadingCell.xib in Resources */,
				3A8291781CAB478B00A7E492 /* SearchResultCell.xib in Resources */,
				3A82917C1CABB41000A7E492 /* NothingFoundCell.xib in Resources */,
				3AD141741CAA25A1000C34F4 /* Main.storyboard in Resources */,
			);
			runOnlyForDeploymentPostprocessing = 0;
		};
/* End PBXResourcesBuildPhase section */

/* Begin PBXSourcesBuildPhase section */
		3AD141671CAA25A1000C34F4 /* Sources */ = {
			isa = PBXSourcesBuildPhase;
			buildActionMask = 2147483647;
			files = (
				3A04F6A11CC31B9400ED2E07 /* Search.swift in Sources */,
				3AD141711CAA25A1000C34F4 /* SearchViewController.swift in Sources */,
				3A02E9771CB43B34005DA149 /* DimmingPresentationController.swift in Sources */,
				3A04F69F1CC0A36E00ED2E07 /* FadeOutAnimationController.swift in Sources */,
				3AD141811CAB1963000C34F4 /* SearchResult.swift in Sources */,
				3A82917A1CABA7BB00A7E492 /* SearchResultCell.swift in Sources */,
				3A65D03C1CBD73110045D9EF /* BounceAnimationController.swift in Sources */,
				3A65D0401CBDE6430045D9EF /* LandscapeViewController.swift in Sources */,
				3A02E9751CB41755005DA149 /* DetailViewController.swift in Sources */,
				3AD1416F1CAA25A1000C34F4 /* AppDelegate.swift in Sources */,
				3A65D03A1CBCC9380045D9EF /* GradientView.swift in Sources */,
				3A02E9731CB374C3005DA149 /* UIImageView+DownloadImage.swift in Sources */,
				3A65D03E1CBDD6E40045D9EF /* SlideOutAnimationController.swift in Sources */,
			);
			runOnlyForDeploymentPostprocessing = 0;
		};
/* End PBXSourcesBuildPhase section */

/* Begin PBXVariantGroup section */
		3AD141721CAA25A1000C34F4 /* Main.storyboard */ = {
			isa = PBXVariantGroup;
			children = (
				3AD141731CAA25A1000C34F4 /* Base */,
			);
			name = Main.storyboard;
			sourceTree = "<group>";
		};
/* End PBXVariantGroup section */

/* Begin XCBuildConfiguration section */
		3AD1417B1CAA25A1000C34F4 /* Debug */ = {
			isa = XCBuildConfiguration;
			buildSettings = {
				ALWAYS_SEARCH_USER_PATHS = NO;
				CLANG_ANALYZER_NONNULL = YES;
				CLANG_CXX_LANGUAGE_STANDARD = "gnu++0x";
				CLANG_CXX_LIBRARY = "libc++";
				CLANG_ENABLE_MODULES = YES;
				CLANG_ENABLE_OBJC_ARC = YES;
				CLANG_WARN_BOOL_CONVERSION = YES;
				CLANG_WARN_CONSTANT_CONVERSION = YES;
				CLANG_WARN_DIRECT_OBJC_ISA_USAGE = YES_ERROR;
				CLANG_WARN_EMPTY_BODY = YES;
				CLANG_WARN_ENUM_CONVERSION = YES;
				CLANG_WARN_INT_CONVERSION = YES;
				CLANG_WARN_OBJC_ROOT_CLASS = YES_ERROR;
				CLANG_WARN_UNREACHABLE_CODE = YES;
				CLANG_WARN__DUPLICATE_METHOD_MATCH = YES;
				"CODE_SIGN_IDENTITY[sdk=iphoneos*]" = "iPhone Developer";
				COPY_PHASE_STRIP = NO;
				DEBUG_INFORMATION_FORMAT = dwarf;
				ENABLE_STRICT_OBJC_MSGSEND = YES;
				ENABLE_TESTABILITY = YES;
				GCC_C_LANGUAGE_STANDARD = gnu99;
				GCC_DYNAMIC_NO_PIC = NO;
				GCC_NO_COMMON_BLOCKS = YES;
				GCC_OPTIMIZATION_LEVEL = 0;
				GCC_PREPROCESSOR_DEFINITIONS = (
					"DEBUG=1",
					"$(inherited)",
				);
				GCC_WARN_64_TO_32_BIT_CONVERSION = YES;
				GCC_WARN_ABOUT_RETURN_TYPE = YES_ERROR;
				GCC_WARN_UNDECLARED_SELECTOR = YES;
				GCC_WARN_UNINITIALIZED_AUTOS = YES_AGGRESSIVE;
				GCC_WARN_UNUSED_FUNCTION = YES;
				GCC_WARN_UNUSED_VARIABLE = YES;
				IPHONEOS_DEPLOYMENT_TARGET = 9.3;
				MTL_ENABLE_DEBUG_INFO = YES;
				ONLY_ACTIVE_ARCH = YES;
				SDKROOT = iphoneos;
				SWIFT_OPTIMIZATION_LEVEL = "-Onone";
			};
			name = Debug;
		};
		3AD1417C1CAA25A1000C34F4 /* Release */ = {
			isa = XCBuildConfiguration;
			buildSettings = {
				ALWAYS_SEARCH_USER_PATHS = NO;
				CLANG_ANALYZER_NONNULL = YES;
				CLANG_CXX_LANGUAGE_STANDARD = "gnu++0x";
				CLANG_CXX_LIBRARY = "libc++";
				CLANG_ENABLE_MODULES = YES;
				CLANG_ENABLE_OBJC_ARC = YES;
				CLANG_WARN_BOOL_CONVERSION = YES;
				CLANG_WARN_CONSTANT_CONVERSION = YES;
				CLANG_WARN_DIRECT_OBJC_ISA_USAGE = YES_ERROR;
				CLANG_WARN_EMPTY_BODY = YES;
				CLANG_WARN_ENUM_CONVERSION = YES;
				CLANG_WARN_INT_CONVERSION = YES;
				CLANG_WARN_OBJC_ROOT_CLASS = YES_ERROR;
				CLANG_WARN_UNREACHABLE_CODE = YES;
				CLANG_WARN__DUPLICATE_METHOD_MATCH = YES;
				"CODE_SIGN_IDENTITY[sdk=iphoneos*]" = "iPhone Developer";
				COPY_PHASE_STRIP = NO;
				DEBUG_INFORMATION_FORMAT = "dwarf-with-dsym";
				ENABLE_NS_ASSERTIONS = NO;
				ENABLE_STRICT_OBJC_MSGSEND = YES;
				GCC_C_LANGUAGE_STANDARD = gnu99;
				GCC_NO_COMMON_BLOCKS = YES;
				GCC_WARN_64_TO_32_BIT_CONVERSION = YES;
				GCC_WARN_ABOUT_RETURN_TYPE = YES_ERROR;
				GCC_WARN_UNDECLARED_SELECTOR = YES;
				GCC_WARN_UNINITIALIZED_AUTOS = YES_AGGRESSIVE;
				GCC_WARN_UNUSED_FUNCTION = YES;
				GCC_WARN_UNUSED_VARIABLE = YES;
				IPHONEOS_DEPLOYMENT_TARGET = 9.3;
				MTL_ENABLE_DEBUG_INFO = NO;
				SDKROOT = iphoneos;
				VALIDATE_PRODUCT = YES;
			};
			name = Release;
		};
		3AD1417E1CAA25A1000C34F4 /* Debug */ = {
			isa = XCBuildConfiguration;
			buildSettings = {
				ASSETCATALOG_COMPILER_APPICON_NAME = AppIcon;
				CODE_SIGN_IDENTITY = "iPhone Developer";
				"CODE_SIGN_IDENTITY[sdk=iphoneos*]" = "iPhone Developer";
				INFOPLIST_FILE = StoreSearch/Info.plist;
				LD_RUNPATH_SEARCH_PATHS = "$(inherited) @executable_path/Frameworks";
				PRODUCT_BUNDLE_IDENTIFIER = com.mimo.StoreSearch;
				PRODUCT_NAME = "$(TARGET_NAME)";
				PROVISIONING_PROFILE = "";
			};
			name = Debug;
		};
		3AD1417F1CAA25A1000C34F4 /* Release */ = {
			isa = XCBuildConfiguration;
			buildSettings = {
				ASSETCATALOG_COMPILER_APPICON_NAME = AppIcon;
				CODE_SIGN_IDENTITY = "iPhone Developer";
				"CODE_SIGN_IDENTITY[sdk=iphoneos*]" = "iPhone Developer";
				INFOPLIST_FILE = StoreSearch/Info.plist;
				LD_RUNPATH_SEARCH_PATHS = "$(inherited) @executable_path/Frameworks";
				PRODUCT_BUNDLE_IDENTIFIER = com.mimo.StoreSearch;
				PRODUCT_NAME = "$(TARGET_NAME)";
				PROVISIONING_PROFILE = "";
			};
			name = Release;
		};
/* End XCBuildConfiguration section */

/* Begin XCConfigurationList section */
		3AD141661CAA25A1000C34F4 /* Build configuration list for PBXProject "StoreSearch" */ = {
			isa = XCConfigurationList;
			buildConfigurations = (
				3AD1417B1CAA25A1000C34F4 /* Debug */,
				3AD1417C1CAA25A1000C34F4 /* Release */,
			);
			defaultConfigurationIsVisible = 0;
			defaultConfigurationName = Release;
		};
		3AD1417D1CAA25A1000C34F4 /* Build configuration list for PBXNativeTarget "StoreSearch" */ = {
			isa = XCConfigurationList;
			buildConfigurations = (
				3AD1417E1CAA25A1000C34F4 /* Debug */,
				3AD1417F1CAA25A1000C34F4 /* Release */,
			);
			defaultConfigurationIsVisible = 0;
			defaultConfigurationName = Release;
		};
/* End XCConfigurationList section */
	};
	rootObject = 3AD141631CAA25A1000C34F4 /* Project object */;
}
